// !$*UTF8*$!
{
	archiveVersion = 1;
	classes = {
	};
	objectVersion = 46;
	objects = {

/* Begin PBXBuildFile section */
		151AD3961B1F290D00D4E239 /* multipeer.p12 in Resources */ = {isa = PBXBuildFile; fileRef = 151AD3951B1F290D00D4E239 /* multipeer.p12 */; };
		154790B61AC193C6000A0FA5 /* MyAccountsTableViewController.swift in Sources */ = {isa = PBXBuildFile; fileRef = 154790B51AC193C6000A0FA5 /* MyAccountsTableViewController.swift */; };
		154790B81AC19428000A0FA5 /* Account.swift in Sources */ = {isa = PBXBuildFile; fileRef = 154790B71AC19428000A0FA5 /* Account.swift */; };
		154790BA1AC194E5000A0FA5 /* Transaction.swift in Sources */ = {isa = PBXBuildFile; fileRef = 154790B91AC194E5000A0FA5 /* Transaction.swift */; };
		1562488A1AC9B32900DD8353 /* SelectPeersViewController.swift in Sources */ = {isa = PBXBuildFile; fileRef = 156248891AC9B32900DD8353 /* SelectPeersViewController.swift */; };
		156996051ACB2D6600975E31 /* TransactionRelay.swift in Sources */ = {isa = PBXBuildFile; fileRef = 156996041ACB2D6600975E31 /* TransactionRelay.swift */; };
		1570EF0F1ACB15CD000848A3 /* AdvertiseViewController.swift in Sources */ = {isa = PBXBuildFile; fileRef = 1570EF0E1ACB15CD000848A3 /* AdvertiseViewController.swift */; };
		15B6DE081B0896F500142BBD /* Box.framework in Frameworks */ = {isa = PBXBuildFile; fileRef = 15B6DE051B0896F500142BBD /* Box.framework */; };
		15B6DE091B0896F500142BBD /* SwiftyJSON.framework in Frameworks */ = {isa = PBXBuildFile; fileRef = 15B6DE061B0896F500142BBD /* SwiftyJSON.framework */; };
		15CD92131B08946A00ABB45B /* SwiftSpinner.swift in Sources */ = {isa = PBXBuildFile; fileRef = 15CD92121B08946A00ABB45B /* SwiftSpinner.swift */; };
		15D765DB1B1DCA380009657C /* CryptoSwift.framework in Frameworks */ = {isa = PBXBuildFile; fileRef = 15D765DA1B1DCA380009657C /* CryptoSwift.framework */; };
		15D765DF1B1DD9AB0009657C /* serverCert.der in Resources */ = {isa = PBXBuildFile; fileRef = 15D765DE1B1DD9AB0009657C /* serverCert.der */; };
		15D765E11B1DDA910009657C /* term-paper-ca.p12 in Resources */ = {isa = PBXBuildFile; fileRef = 15D765E01B1DDA910009657C /* term-paper-ca.p12 */; };
		15F9E8551AC0B450008E860E /* AppDelegate.swift in Sources */ = {isa = PBXBuildFile; fileRef = 15F9E8541AC0B450008E860E /* AppDelegate.swift */; };
		15F9E85A1AC0B450008E860E /* Main.storyboard in Resources */ = {isa = PBXBuildFile; fileRef = 15F9E8581AC0B450008E860E /* Main.storyboard */; };
		15F9E85C1AC0B450008E860E /* Images.xcassets in Resources */ = {isa = PBXBuildFile; fileRef = 15F9E85B1AC0B450008E860E /* Images.xcassets */; };
		15F9E85F1AC0B450008E860E /* LaunchScreen.xib in Resources */ = {isa = PBXBuildFile; fileRef = 15F9E85D1AC0B450008E860E /* LaunchScreen.xib */; };
		15F9E86B1AC0B450008E860E /* TermPaperMobileTests.swift in Sources */ = {isa = PBXBuildFile; fileRef = 15F9E86A1AC0B450008E860E /* TermPaperMobileTests.swift */; };
		15F9E8751AC0B4F5008E860E /* LoginViewController.swift in Sources */ = {isa = PBXBuildFile; fileRef = 15F9E8741AC0B4F5008E860E /* LoginViewController.swift */; };
		15F9E87A1AC0B780008E860E /* User.swift in Sources */ = {isa = PBXBuildFile; fileRef = 15F9E8791AC0B780008E860E /* User.swift */; };
		15F9E87C1AC0B898008E860E /* Router.swift in Sources */ = {isa = PBXBuildFile; fileRef = 15F9E87B1AC0B898008E860E /* Router.swift */; };
		15FDEC5D1AC479EE002695DD /* LoginManager.swift in Sources */ = {isa = PBXBuildFile; fileRef = 15FDEC5C1AC479EE002695DD /* LoginManager.swift */; };
		15FDEC5F1AC47ADA002695DD /* Utils.swift in Sources */ = {isa = PBXBuildFile; fileRef = 15FDEC5E1AC47ADA002695DD /* Utils.swift */; };
/* End PBXBuildFile section */

/* Begin PBXContainerItemProxy section */
		15F9E8651AC0B450008E860E /* PBXContainerItemProxy */ = {
			isa = PBXContainerItemProxy;
			containerPortal = 15F9E8471AC0B450008E860E /* Project object */;
			proxyType = 1;
			remoteGlobalIDString = 15F9E84E1AC0B450008E860E;
			remoteInfo = TermPaperMobile;
		};
/* End PBXContainerItemProxy section */

/* Begin PBXFileReference section */
		151AD3951B1F290D00D4E239 /* multipeer.p12 */ = {isa = PBXFileReference; lastKnownFileType = file; path = multipeer.p12; sourceTree = "<group>"; };
		154790B51AC193C6000A0FA5 /* MyAccountsTableViewController.swift */ = {isa = PBXFileReference; fileEncoding = 4; lastKnownFileType = sourcecode.swift; path = MyAccountsTableViewController.swift; sourceTree = "<group>"; };
		154790B71AC19428000A0FA5 /* Account.swift */ = {isa = PBXFileReference; fileEncoding = 4; lastKnownFileType = sourcecode.swift; path = Account.swift; sourceTree = "<group>"; };
		154790B91AC194E5000A0FA5 /* Transaction.swift */ = {isa = PBXFileReference; fileEncoding = 4; lastKnownFileType = sourcecode.swift; path = Transaction.swift; sourceTree = "<group>"; };
		156248891AC9B32900DD8353 /* SelectPeersViewController.swift */ = {isa = PBXFileReference; fileEncoding = 4; lastKnownFileType = sourcecode.swift; path = SelectPeersViewController.swift; sourceTree = "<group>"; };
		156996041ACB2D6600975E31 /* TransactionRelay.swift */ = {isa = PBXFileReference; fileEncoding = 4; lastKnownFileType = sourcecode.swift; path = TransactionRelay.swift; sourceTree = "<group>"; };
		1570EF0E1ACB15CD000848A3 /* AdvertiseViewController.swift */ = {isa = PBXFileReference; fileEncoding = 4; lastKnownFileType = sourcecode.swift; path = AdvertiseViewController.swift; sourceTree = "<group>"; };
		15B6DE051B0896F500142BBD /* Box.framework */ = {isa = PBXFileReference; lastKnownFileType = wrapper.framework; name = Box.framework; path = Carthage/Build/iOS/Box.framework; sourceTree = "<group>"; };
		15B6DE061B0896F500142BBD /* SwiftyJSON.framework */ = {isa = PBXFileReference; lastKnownFileType = wrapper.framework; name = SwiftyJSON.framework; path = Carthage/Build/iOS/SwiftyJSON.framework; sourceTree = "<group>"; };
		15CD92101B0893E100ABB45B /* Carthage */ = {isa = PBXFileReference; lastKnownFileType = text; path = Carthage; sourceTree = "<group>"; };
		15CD92121B08946A00ABB45B /* SwiftSpinner.swift */ = {isa = PBXFileReference; fileEncoding = 4; lastKnownFileType = sourcecode.swift; path = SwiftSpinner.swift; sourceTree = "<group>"; };
		15D765DA1B1DCA380009657C /* CryptoSwift.framework */ = {isa = PBXFileReference; lastKnownFileType = wrapper.framework; name = CryptoSwift.framework; path = Carthage/Build/iOS/CryptoSwift.framework; sourceTree = "<group>"; };
		15D765DE1B1DD9AB0009657C /* serverCert.der */ = {isa = PBXFileReference; lastKnownFileType = file; path = serverCert.der; sourceTree = "<group>"; };
		15D765E01B1DDA910009657C /* term-paper-ca.p12 */ = {isa = PBXFileReference; lastKnownFileType = file; path = "term-paper-ca.p12"; sourceTree = "<group>"; };
		15F9E84F1AC0B450008E860E /* TermPaperMobile.app */ = {isa = PBXFileReference; explicitFileType = wrapper.application; includeInIndex = 0; path = TermPaperMobile.app; sourceTree = BUILT_PRODUCTS_DIR; };
		15F9E8531AC0B450008E860E /* Info.plist */ = {isa = PBXFileReference; lastKnownFileType = text.plist.xml; path = Info.plist; sourceTree = "<group>"; };
		15F9E8541AC0B450008E860E /* AppDelegate.swift */ = {isa = PBXFileReference; lastKnownFileType = sourcecode.swift; path = AppDelegate.swift; sourceTree = "<group>"; };
		15F9E8591AC0B450008E860E /* Base */ = {isa = PBXFileReference; lastKnownFileType = file.storyboard; name = Base; path = Base.lproj/Main.storyboard; sourceTree = "<group>"; };
		15F9E85B1AC0B450008E860E /* Images.xcassets */ = {isa = PBXFileReference; lastKnownFileType = folder.assetcatalog; path = Images.xcassets; sourceTree = "<group>"; };
		15F9E85E1AC0B450008E860E /* Base */ = {isa = PBXFileReference; lastKnownFileType = file.xib; name = Base; path = Base.lproj/LaunchScreen.xib; sourceTree = "<group>"; };
		15F9E8641AC0B450008E860E /* TermPaperMobileTests.xctest */ = {isa = PBXFileReference; explicitFileType = wrapper.cfbundle; includeInIndex = 0; path = TermPaperMobileTests.xctest; sourceTree = BUILT_PRODUCTS_DIR; };
		15F9E8691AC0B450008E860E /* Info.plist */ = {isa = PBXFileReference; lastKnownFileType = text.plist.xml; path = Info.plist; sourceTree = "<group>"; };
		15F9E86A1AC0B450008E860E /* TermPaperMobileTests.swift */ = {isa = PBXFileReference; lastKnownFileType = sourcecode.swift; path = TermPaperMobileTests.swift; sourceTree = "<group>"; };
		15F9E8741AC0B4F5008E860E /* LoginViewController.swift */ = {isa = PBXFileReference; fileEncoding = 4; lastKnownFileType = sourcecode.swift; path = LoginViewController.swift; sourceTree = "<group>"; };
		15F9E8791AC0B780008E860E /* User.swift */ = {isa = PBXFileReference; fileEncoding = 4; lastKnownFileType = sourcecode.swift; path = User.swift; sourceTree = "<group>"; };
		15F9E87B1AC0B898008E860E /* Router.swift */ = {isa = PBXFileReference; fileEncoding = 4; lastKnownFileType = sourcecode.swift; path = Router.swift; sourceTree = "<group>"; };
		15FDEC5C1AC479EE002695DD /* LoginManager.swift */ = {isa = PBXFileReference; fileEncoding = 4; lastKnownFileType = sourcecode.swift; path = LoginManager.swift; sourceTree = "<group>"; };
		15FDEC5E1AC47ADA002695DD /* Utils.swift */ = {isa = PBXFileReference; fileEncoding = 4; lastKnownFileType = sourcecode.swift; path = Utils.swift; sourceTree = "<group>"; };
/* End PBXFileReference section */

/* Begin PBXFrameworksBuildPhase section */
		15F9E84C1AC0B450008E860E /* Frameworks */ = {
			isa = PBXFrameworksBuildPhase;
			buildActionMask = 2147483647;
			files = (
				15D765DB1B1DCA380009657C /* CryptoSwift.framework in Frameworks */,
				15B6DE081B0896F500142BBD /* Box.framework in Frameworks */,
				15B6DE091B0896F500142BBD /* SwiftyJSON.framework in Frameworks */,
			);
			runOnlyForDeploymentPostprocessing = 0;
		};
		15F9E8611AC0B450008E860E /* Frameworks */ = {
			isa = PBXFrameworksBuildPhase;
			buildActionMask = 2147483647;
			files = (
			);
			runOnlyForDeploymentPostprocessing = 0;
		};
/* End PBXFrameworksBuildPhase section */

/* Begin PBXGroup section */
		151AD3971B1F291200D4E239 /* Certs */ = {
			isa = PBXGroup;
			children = (
				151AD3951B1F290D00D4E239 /* multipeer.p12 */,
				15D765E01B1DDA910009657C /* term-paper-ca.p12 */,
				15D765DE1B1DD9AB0009657C /* serverCert.der */,
			);
			name = Certs;
			sourceTree = "<group>";
		};
		15CD92111B08945F00ABB45B /* Third Party */ = {
			isa = PBXGroup;
			children = (
				15CD92121B08946A00ABB45B /* SwiftSpinner.swift */,
			);
			name = "Third Party";
			sourceTree = "<group>";
		};
		15F9E8461AC0B450008E860E = {
			isa = PBXGroup;
			children = (
				15CD92101B0893E100ABB45B /* Carthage */,
				15F9E8511AC0B450008E860E /* TermPaperMobile */,
				15F9E8671AC0B450008E860E /* TermPaperMobileTests */,
				15F9E8501AC0B450008E860E /* Products */,
				5B49FB387E53974C4918F2E9 /* Frameworks */,
			);
			sourceTree = "<group>";
		};
		15F9E8501AC0B450008E860E /* Products */ = {
			isa = PBXGroup;
			children = (
				15F9E84F1AC0B450008E860E /* TermPaperMobile.app */,
				15F9E8641AC0B450008E860E /* TermPaperMobileTests.xctest */,
			);
			name = Products;
			sourceTree = "<group>";
		};
		15F9E8511AC0B450008E860E /* TermPaperMobile */ = {
			isa = PBXGroup;
			children = (
				151AD3971B1F291200D4E239 /* Certs */,
				15CD92111B08945F00ABB45B /* Third Party */,
				15F9E8781AC0B769008E860E /* Model */,
				15F9E8771AC0B761008E860E /* Business Logic */,
				15F9E8541AC0B450008E860E /* AppDelegate.swift */,
				15F9E8761AC0B4FC008E860E /* View Controllers */,
				15F9E8581AC0B450008E860E /* Main.storyboard */,
				15F9E85B1AC0B450008E860E /* Images.xcassets */,
				15F9E85D1AC0B450008E860E /* LaunchScreen.xib */,
				15F9E8521AC0B450008E860E /* Supporting Files */,
			);
			path = TermPaperMobile;
			sourceTree = "<group>";
		};
		15F9E8521AC0B450008E860E /* Supporting Files */ = {
			isa = PBXGroup;
			children = (
				15FDEC5E1AC47ADA002695DD /* Utils.swift */,
				15F9E8531AC0B450008E860E /* Info.plist */,
			);
			name = "Supporting Files";
			sourceTree = "<group>";
		};
		15F9E8671AC0B450008E860E /* TermPaperMobileTests */ = {
			isa = PBXGroup;
			children = (
				15F9E86A1AC0B450008E860E /* TermPaperMobileTests.swift */,
				15F9E8681AC0B450008E860E /* Supporting Files */,
			);
			path = TermPaperMobileTests;
			sourceTree = "<group>";
		};
		15F9E8681AC0B450008E860E /* Supporting Files */ = {
			isa = PBXGroup;
			children = (
				15F9E8691AC0B450008E860E /* Info.plist */,
			);
			name = "Supporting Files";
			sourceTree = "<group>";
		};
		15F9E8761AC0B4FC008E860E /* View Controllers */ = {
			isa = PBXGroup;
			children = (
				15F9E8741AC0B4F5008E860E /* LoginViewController.swift */,
				154790B51AC193C6000A0FA5 /* MyAccountsTableViewController.swift */,
				156248891AC9B32900DD8353 /* SelectPeersViewController.swift */,
				1570EF0E1ACB15CD000848A3 /* AdvertiseViewController.swift */,
			);
			name = "View Controllers";
			sourceTree = "<group>";
		};
		15F9E8771AC0B761008E860E /* Business Logic */ = {
			isa = PBXGroup;
			children = (
				15F9E87B1AC0B898008E860E /* Router.swift */,
				15FDEC5C1AC479EE002695DD /* LoginManager.swift */,
				156996041ACB2D6600975E31 /* TransactionRelay.swift */,
			);
			name = "Business Logic";
			sourceTree = "<group>";
		};
		15F9E8781AC0B769008E860E /* Model */ = {
			isa = PBXGroup;
			children = (
				15F9E8791AC0B780008E860E /* User.swift */,
				154790B71AC19428000A0FA5 /* Account.swift */,
				154790B91AC194E5000A0FA5 /* Transaction.swift */,
			);
			name = Model;
			sourceTree = "<group>";
		};
		5B49FB387E53974C4918F2E9 /* Frameworks */ = {
			isa = PBXGroup;
			children = (
				15D765DA1B1DCA380009657C /* CryptoSwift.framework */,
				15B6DE051B0896F500142BBD /* Box.framework */,
				15B6DE061B0896F500142BBD /* SwiftyJSON.framework */,
			);
			name = Frameworks;
			sourceTree = "<group>";
		};
/* End PBXGroup section */

/* Begin PBXNativeTarget section */
		15F9E84E1AC0B450008E860E /* TermPaperMobile */ = {
			isa = PBXNativeTarget;
			buildConfigurationList = 15F9E86E1AC0B450008E860E /* Build configuration list for PBXNativeTarget "TermPaperMobile" */;
			buildPhases = (
				15F9E84B1AC0B450008E860E /* Sources */,
				15F9E84C1AC0B450008E860E /* Frameworks */,
				15F9E84D1AC0B450008E860E /* Resources */,
				15B6DE0A1B0896FF00142BBD /* ShellScript */,
			);
			buildRules = (
			);
			dependencies = (
			);
			name = TermPaperMobile;
			productName = TermPaperMobile;
			productReference = 15F9E84F1AC0B450008E860E /* TermPaperMobile.app */;
			productType = "com.apple.product-type.application";
		};
		15F9E8631AC0B450008E860E /* TermPaperMobileTests */ = {
			isa = PBXNativeTarget;
			buildConfigurationList = 15F9E8711AC0B450008E860E /* Build configuration list for PBXNativeTarget "TermPaperMobileTests" */;
			buildPhases = (
				15F9E8601AC0B450008E860E /* Sources */,
				15F9E8611AC0B450008E860E /* Frameworks */,
				15F9E8621AC0B450008E860E /* Resources */,
			);
			buildRules = (
			);
			dependencies = (
				15F9E8661AC0B450008E860E /* PBXTargetDependency */,
			);
			name = TermPaperMobileTests;
			productName = TermPaperMobileTests;
			productReference = 15F9E8641AC0B450008E860E /* TermPaperMobileTests.xctest */;
			productType = "com.apple.product-type.bundle.unit-test";
		};
/* End PBXNativeTarget section */

/* Begin PBXProject section */
		15F9E8471AC0B450008E860E /* Project object */ = {
			isa = PBXProject;
			attributes = {
				LastUpgradeCheck = 0620;
				ORGANIZATIONNAME = "Mihai Costea";
				TargetAttributes = {
					15F9E84E1AC0B450008E860E = {
						CreatedOnToolsVersion = 6.2;
					};
					15F9E8631AC0B450008E860E = {
						CreatedOnToolsVersion = 6.2;
						TestTargetID = 15F9E84E1AC0B450008E860E;
					};
				};
			};
			buildConfigurationList = 15F9E84A1AC0B450008E860E /* Build configuration list for PBXProject "TermPaperMobile" */;
			compatibilityVersion = "Xcode 3.2";
			developmentRegion = English;
			hasScannedForEncodings = 0;
			knownRegions = (
				en,
				Base,
			);
			mainGroup = 15F9E8461AC0B450008E860E;
			productRefGroup = 15F9E8501AC0B450008E860E /* Products */;
			projectDirPath = "";
			projectRoot = "";
			targets = (
				15F9E84E1AC0B450008E860E /* TermPaperMobile */,
				15F9E8631AC0B450008E860E /* TermPaperMobileTests */,
			);
		};
/* End PBXProject section */

/* Begin PBXResourcesBuildPhase section */
		15F9E84D1AC0B450008E860E /* Resources */ = {
			isa = PBXResourcesBuildPhase;
			buildActionMask = 2147483647;
			files = (
				15D765DF1B1DD9AB0009657C /* serverCert.der in Resources */,
				15D765E11B1DDA910009657C /* term-paper-ca.p12 in Resources */,
				15F9E85A1AC0B450008E860E /* Main.storyboard in Resources */,
				15F9E85F1AC0B450008E860E /* LaunchScreen.xib in Resources */,
				15F9E85C1AC0B450008E860E /* Images.xcassets in Resources */,
				151AD3961B1F290D00D4E239 /* multipeer.p12 in Resources */,
			);
			runOnlyForDeploymentPostprocessing = 0;
		};
		15F9E8621AC0B450008E860E /* Resources */ = {
			isa = PBXResourcesBuildPhase;
			buildActionMask = 2147483647;
			files = (
			);
			runOnlyForDeploymentPostprocessing = 0;
		};
/* End PBXResourcesBuildPhase section */

/* Begin PBXShellScriptBuildPhase section */
		15B6DE0A1B0896FF00142BBD /* ShellScript */ = {
			isa = PBXShellScriptBuildPhase;
			buildActionMask = 2147483647;
			files = (
			);
			inputPaths = (
				"$(SRCROOT)/Carthage/Build/iOS/Box.framework",
				"$(SRCROOT)/Carthage/Build/iOS/SwiftyJSON.framework",
				"$(SRCROOT)/Carthage/Build/iOS/CryptoSwift.framework",
			);
			outputPaths = (
			);
			runOnlyForDeploymentPostprocessing = 0;
			shellPath = /bin/sh;
			shellScript = "/usr/local/bin/carthage copy-frameworks";
		};
/* End PBXShellScriptBuildPhase section */

/* Begin PBXSourcesBuildPhase section */
		15F9E84B1AC0B450008E860E /* Sources */ = {
			isa = PBXSourcesBuildPhase;
			buildActionMask = 2147483647;
			files = (
				154790BA1AC194E5000A0FA5 /* Transaction.swift in Sources */,
				15FDEC5D1AC479EE002695DD /* LoginManager.swift in Sources */,
				1562488A1AC9B32900DD8353 /* SelectPeersViewController.swift in Sources */,
				15FDEC5F1AC47ADA002695DD /* Utils.swift in Sources */,
				15F9E87A1AC0B780008E860E /* User.swift in Sources */,
				1570EF0F1ACB15CD000848A3 /* AdvertiseViewController.swift in Sources */,
				15CD92131B08946A00ABB45B /* SwiftSpinner.swift in Sources */,
				15F9E8751AC0B4F5008E860E /* LoginViewController.swift in Sources */,
				15F9E87C1AC0B898008E860E /* Router.swift in Sources */,
				156996051ACB2D6600975E31 /* TransactionRelay.swift in Sources */,
				154790B61AC193C6000A0FA5 /* MyAccountsTableViewController.swift in Sources */,
				15F9E8551AC0B450008E860E /* AppDelegate.swift in Sources */,
				154790B81AC19428000A0FA5 /* Account.swift in Sources */,
			);
			runOnlyForDeploymentPostprocessing = 0;
		};
		15F9E8601AC0B450008E860E /* Sources */ = {
			isa = PBXSourcesBuildPhase;
			buildActionMask = 2147483647;
			files = (
				15F9E86B1AC0B450008E860E /* TermPaperMobileTests.swift in Sources */,
			);
			runOnlyForDeploymentPostprocessing = 0;
		};
/* End PBXSourcesBuildPhase section */

/* Begin PBXTargetDependency section */
		15F9E8661AC0B450008E860E /* PBXTargetDependency */ = {
			isa = PBXTargetDependency;
			target = 15F9E84E1AC0B450008E860E /* TermPaperMobile */;
			targetProxy = 15F9E8651AC0B450008E860E /* PBXContainerItemProxy */;
		};
/* End PBXTargetDependency section */

/* Begin PBXVariantGroup section */
		15F9E8581AC0B450008E860E /* Main.storyboard */ = {
			isa = PBXVariantGroup;
			children = (
				15F9E8591AC0B450008E860E /* Base */,
			);
			name = Main.storyboard;
			sourceTree = "<group>";
		};
		15F9E85D1AC0B450008E860E /* LaunchScreen.xib */ = {
			isa = PBXVariantGroup;
			children = (
				15F9E85E1AC0B450008E860E /* Base */,
			);
			name = LaunchScreen.xib;
			sourceTree = "<group>";
		};
/* End PBXVariantGroup section */

/* Begin XCBuildConfiguration section */
		15F9E86C1AC0B450008E860E /* Debug */ = {
			isa = XCBuildConfiguration;
			buildSettings = {
				ALWAYS_SEARCH_USER_PATHS = NO;
				CLANG_CXX_LANGUAGE_STANDARD = "gnu++0x";
				CLANG_CXX_LIBRARY = "libc++";
				CLANG_ENABLE_MODULES = YES;
				CLANG_ENABLE_OBJC_ARC = YES;
				CLANG_WARN_BOOL_CONVERSION = YES;
				CLANG_WARN_CONSTANT_CONVERSION = YES;
				CLANG_WARN_DIRECT_OBJC_ISA_USAGE = YES_ERROR;
				CLANG_WARN_EMPTY_BODY = YES;
				CLANG_WARN_ENUM_CONVERSION = YES;
				CLANG_WARN_INT_CONVERSION = YES;
				CLANG_WARN_OBJC_ROOT_CLASS = YES_ERROR;
				CLANG_WARN_UNREACHABLE_CODE = YES;
				CLANG_WARN__DUPLICATE_METHOD_MATCH = YES;
				"CODE_SIGN_IDENTITY[sdk=iphoneos*]" = "iPhone Developer";
				COPY_PHASE_STRIP = NO;
				ENABLE_STRICT_OBJC_MSGSEND = YES;
				GCC_C_LANGUAGE_STANDARD = gnu99;
				GCC_DYNAMIC_NO_PIC = NO;
				GCC_OPTIMIZATION_LEVEL = 0;
				GCC_PREPROCESSOR_DEFINITIONS = (
					"DEBUG=1",
					"$(inherited)",
				);
				GCC_SYMBOLS_PRIVATE_EXTERN = NO;
				GCC_WARN_64_TO_32_BIT_CONVERSION = YES;
				GCC_WARN_ABOUT_RETURN_TYPE = YES_ERROR;
				GCC_WARN_UNDECLARED_SELECTOR = YES;
				GCC_WARN_UNINITIALIZED_AUTOS = YES_AGGRESSIVE;
				GCC_WARN_UNUSED_FUNCTION = YES;
				GCC_WARN_UNUSED_VARIABLE = YES;
				IPHONEOS_DEPLOYMENT_TARGET = 8.2;
				MTL_ENABLE_DEBUG_INFO = YES;
				ONLY_ACTIVE_ARCH = YES;
				SDKROOT = iphoneos;
				SWIFT_OPTIMIZATION_LEVEL = "-Onone";
			};
			name = Debug;
		};
		15F9E86D1AC0B450008E860E /* Release */ = {
			isa = XCBuildConfiguration;
			buildSettings = {
				ALWAYS_SEARCH_USER_PATHS = NO;
				CLANG_CXX_LANGUAGE_STANDARD = "gnu++0x";
				CLANG_CXX_LIBRARY = "libc++";
				CLANG_ENABLE_MODULES = YES;
				CLANG_ENABLE_OBJC_ARC = YES;
				CLANG_WARN_BOOL_CONVERSION = YES;
				CLANG_WARN_CONSTANT_CONVERSION = YES;
				CLANG_WARN_DIRECT_OBJC_ISA_USAGE = YES_ERROR;
				CLANG_WARN_EMPTY_BODY = YES;
				CLANG_WARN_ENUM_CONVERSION = YES;
				CLANG_WARN_INT_CONVERSION = YES;
				CLANG_WARN_OBJC_ROOT_CLASS = YES_ERROR;
				CLANG_WARN_UNREACHABLE_CODE = YES;
				CLANG_WARN__DUPLICATE_METHOD_MATCH = YES;
				"CODE_SIGN_IDENTITY[sdk=iphoneos*]" = "iPhone Developer";
				COPY_PHASE_STRIP = NO;
				ENABLE_NS_ASSERTIONS = NO;
				ENABLE_STRICT_OBJC_MSGSEND = YES;
				GCC_C_LANGUAGE_STANDARD = gnu99;
				GCC_WARN_64_TO_32_BIT_CONVERSION = YES;
				GCC_WARN_ABOUT_RETURN_TYPE = YES_ERROR;
				GCC_WARN_UNDECLARED_SELECTOR = YES;
				GCC_WARN_UNINITIALIZED_AUTOS = YES_AGGRESSIVE;
				GCC_WARN_UNUSED_FUNCTION = YES;
				GCC_WARN_UNUSED_VARIABLE = YES;
				IPHONEOS_DEPLOYMENT_TARGET = 8.2;
				MTL_ENABLE_DEBUG_INFO = NO;
				SDKROOT = iphoneos;
				VALIDATE_PRODUCT = YES;
			};
			name = Release;
		};
		15F9E86F1AC0B450008E860E /* Debug */ = {
			isa = XCBuildConfiguration;
			buildSettings = {
				ASSETCATALOG_COMPILER_APPICON_NAME = AppIcon;
				FRAMEWORK_SEARCH_PATHS = (
					"$(inherited)",
					"$(PROJECT_DIR)/Carthage/Build/iOS",
				);
				INFOPLIST_FILE = TermPaperMobile/Info.plist;
				IPHONEOS_DEPLOYMENT_TARGET = 8.0;
				LD_RUNPATH_SEARCH_PATHS = "$(inherited) @executable_path/Frameworks";
				PRODUCT_NAME = "$(TARGET_NAME)";
			};
			name = Debug;
		};
		15F9E8701AC0B450008E860E /* Release */ = {
			isa = XCBuildConfiguration;
			buildSettings = {
				ASSETCATALOG_COMPILER_APPICON_NAME = AppIcon;
				FRAMEWORK_SEARCH_PATHS = (
					"$(inherited)",
					"$(PROJECT_DIR)/Carthage/Build/iOS",
				);
				INFOPLIST_FILE = TermPaperMobile/Info.plist;
				IPHONEOS_DEPLOYMENT_TARGET = 8.0;
				LD_RUNPATH_SEARCH_PATHS = "$(inherited) @executable_path/Frameworks";
				PRODUCT_NAME = "$(TARGET_NAME)";
			};
			name = Release;
		};
		15F9E8721AC0B450008E860E /* Debug */ = {
			isa = XCBuildConfiguration;
			buildSettings = {
				BUNDLE_LOADER = "$(TEST_HOST)";
				FRAMEWORK_SEARCH_PATHS = (
					"$(SDKROOT)/Developer/Library/Frameworks",
					"$(inherited)",
				);
				GCC_PREPROCESSOR_DEFINITIONS = (
					"DEBUG=1",
					"$(inherited)",
				);
				INFOPLIST_FILE = TermPaperMobileTests/Info.plist;
				LD_RUNPATH_SEARCH_PATHS = "$(inherited) @executable_path/Frameworks @loader_path/Frameworks";
				PRODUCT_NAME = "$(TARGET_NAME)";
				TEST_HOST = "$(BUILT_PRODUCTS_DIR)/TermPaperMobile.app/TermPaperMobile";
			};
			name = Debug;
		};
		15F9E8731AC0B450008E860E /* Release */ = {
			isa = XCBuildConfiguration;
			buildSettings = {
				BUNDLE_LOADER = "$(TEST_HOST)";
				FRAMEWORK_SEARCH_PATHS = (
					"$(SDKROOT)/Developer/Library/Frameworks",
					"$(inherited)",
				);
				INFOPLIST_FILE = TermPaperMobileTests/Info.plist;
				LD_RUNPATH_SEARCH_PATHS = "$(inherited) @executable_path/Frameworks @loader_path/Frameworks";
				PRODUCT_NAME = "$(TARGET_NAME)";
				TEST_HOST = "$(BUILT_PRODUCTS_DIR)/TermPaperMobile.app/TermPaperMobile";
			};
			name = Release;
		};
/* End XCBuildConfiguration section */

/* Begin XCConfigurationList section */
		15F9E84A1AC0B450008E860E /* Build configuration list for PBXProject "TermPaperMobile" */ = {
			isa = XCConfigurationList;
			buildConfigurations = (
				15F9E86C1AC0B450008E860E /* Debug */,
				15F9E86D1AC0B450008E860E /* Release */,
			);
			defaultConfigurationIsVisible = 0;
			defaultConfigurationName = Release;
		};
		15F9E86E1AC0B450008E860E /* Build configuration list for PBXNativeTarget "TermPaperMobile" */ = {
			isa = XCConfigurationList;
			buildConfigurations = (
				15F9E86F1AC0B450008E860E /* Debug */,
				15F9E8701AC0B450008E860E /* Release */,
			);
			defaultConfigurationIsVisible = 0;
			defaultConfigurationName = Release;
		};
		15F9E8711AC0B450008E860E /* Build configuration list for PBXNativeTarget "TermPaperMobileTests" */ = {
			isa = XCConfigurationList;
			buildConfigurations = (
				15F9E8721AC0B450008E860E /* Debug */,
				15F9E8731AC0B450008E860E /* Release */,
			);
			defaultConfigurationIsVisible = 0;
			defaultConfigurationName = Release;
		};
/* End XCConfigurationList section */
	};
	rootObject = 15F9E8471AC0B450008E860E /* Project object */;
}
